
Microsoft Visual Studio Solution File, Format Version 12.00
# Visual Studio Version 17
VisualStudioVersion = 17.14.36221.1 d17.14
MinimumVisualStudioVersion = 10.0.40219.1
Project("{FAE04EC0-301F-11D3-BF4B-00C04F79EFBC}") = "mssa_5.3.1", "mssa_5.3.1.csproj", "{EAA475A3-F6F5-43DE-902F-B52D00AF55CE}"
EndProject
Global
	GlobalSection(SolutionConfigurationPlatforms) = preSolution
		Debug|Any CPU = Debug|Any CPU
		Release|Any CPU = Release|Any CPU
	EndGlobalSection
	GlobalSection(ProjectConfigurationPlatforms) = postSolution
		{EAA475A3-F6F5-43DE-902F-B52D00AF55CE}.Debug|Any CPU.ActiveCfg = Debug|Any CPU
		{EAA475A3-F6F5-43DE-902F-B52D00AF55CE}.Debug|Any CPU.Build.0 = Debug|Any CPU
		{EAA475A3-F6F5-43DE-902F-B52D00AF55CE}.Release|Any CPU.ActiveCfg = Release|Any CPU
		{EAA475A3-F6F5-43DE-902F-B52D00AF55CE}.Release|Any CPU.Build.0 = Release|Any CPU
	EndGlobalSection
	GlobalSection(SolutionProperties) = preSolution
		HideSolutionNode = FALSE
	EndGlobalSection
	GlobalSection(ExtensibilityGlobals) = postSolution
		SolutionGuid = {03245F98-111F-400A-BB3E-FE93DBDD555A}
	EndGlobalSection
EndGlobal
